Microsoft Visual Studio Solution File, Format Version 12.00
# Visual Studio Version 17
VisualStudioVersion = 17.5.2.0
MinimumVisualStudioVersion = 10.0.40219.1
Project("{FAE04EC0-301F-11D3-BF4B-00C04F79EFBC}") = "Temperatura", "Temperatura\Temperatura.csproj", "{446853A9-01BD-F4F6-278D-A13BFE45710B}"
EndProject
Global
	GlobalSection(SolutionConfigurationPlatforms) = preSolution
		Debug|Any CPU = Debug|Any CPU
		Release|Any CPU = Release|Any CPU
	EndGlobalSection
	GlobalSection(ProjectConfigurationPlatforms) = postSolution
		{446853A9-01BD-F4F6-278D-A13BFE45710B}.Debug|Any CPU.ActiveCfg = Debug|Any CPU
		{446853A9-01BD-F4F6-278D-A13BFE45710B}.Debug|Any CPU.Build.0 = Debug|Any CPU
		{446853A9-01BD-F4F6-278D-A13BFE45710B}.Release|Any CPU.ActiveCfg = Release|Any CPU
		{446853A9-01BD-F4F6-278D-A13BFE45710B}.Release|Any CPU.Build.0 = Release|Any CPU
	EndGlobalSection
	GlobalSection(SolutionProperties) = preSolution
		HideSolutionNode = FALSE
	EndGlobalSection
	GlobalSection(ExtensibilityGlobals) = postSolution
		SolutionGuid = {F89CD49E-5E30-44C1-B49F-343EA243BD5C}
	EndGlobalSection
EndGlobal
